
Microsoft Visual Studio Solution File, Format Version 12.00
# Visual Studio Version 17
VisualStudioVersion = 17.4.33213.308
MinimumVisualStudioVersion = 10.0.40219.1
Project("{9A19103F-16F7-4668-BE54-9A1E7A4F7556}") = "Public-Fund-Experiment-API", "Public-Fund-Experiment-API.csproj", "{7176C738-DE6D-4E4A-BE6F-0EDE39AFAAFD}"
EndProject
Global
	GlobalSection(SolutionConfigurationPlatforms) = preSolution
		Debug|Any CPU = Debug|Any CPU
		Release|Any CPU = Release|Any CPU
	EndGlobalSection
	GlobalSection(ProjectConfigurationPlatforms) = postSolution
		{7176C738-DE6D-4E4A-BE6F-0EDE39AFAAFD}.Debug|Any CPU.ActiveCfg = Debug|Any CPU
		{7176C738-DE6D-4E4A-BE6F-0EDE39AFAAFD}.Debug|Any CPU.Build.0 = Debug|Any CPU
		{7176C738-DE6D-4E4A-BE6F-0EDE39AFAAFD}.Release|Any CPU.ActiveCfg = Release|Any CPU
		{7176C738-DE6D-4E4A-BE6F-0EDE39AFAAFD}.Release|Any CPU.Build.0 = Release|Any CPU
	EndGlobalSection
	GlobalSection(SolutionProperties) = preSolution
		HideSolutionNode = FALSE
	EndGlobalSection
	GlobalSection(ExtensibilityGlobals) = postSolution
		SolutionGuid = {9C23134A-09CA-4A17-819E-B88C925175C0}
	EndGlobalSection
EndGlobal
